// !$*UTF8*$!
{
	archiveVersion = 1;
	classes = {
	};
	objectVersion = 46;
	objects = {

/* Begin PBXBuildFile section */
		EE8211F81B41CF9400B40078 /* main.cpp in Sources */ = {isa = PBXBuildFile; fileRef = EE8211F71B41CF9400B40078 /* main.cpp */; };
		EEEA6B641B4EB051000ABAD8 /* enter.cpp in Sources */ = {isa = PBXBuildFile; fileRef = EEEA6B621B4EB051000ABAD8 /* enter.cpp */; };
		EEEA6B671B4EBA90000ABAD8 /* performOperation.cpp in Sources */ = {isa = PBXBuildFile; fileRef = EEEA6B651B4EBA90000ABAD8 /* performOperation.cpp */; };
/* End PBXBuildFile section */

/* Begin PBXCopyFilesBuildPhase section */
		EE8211F21B41CF9400B40078 /* CopyFiles */ = {
			isa = PBXCopyFilesBuildPhase;
			buildActionMask = 2147483647;
			dstPath = /usr/share/man/man1/;
			dstSubfolderSpec = 0;
			files = (
			);
			runOnlyForDeploymentPostprocessing = 1;
		};
/* End PBXCopyFilesBuildPhase section */

/* Begin PBXFileReference section */
		EE8211F41B41CF9400B40078 /* Chap2Test3 */ = {isa = PBXFileReference; explicitFileType = "compiled.mach-o.executable"; includeInIndex = 0; path = Chap2Test3; sourceTree = BUILT_PRODUCTS_DIR; };
		EE8211F71B41CF9400B40078 /* main.cpp */ = {isa = PBXFileReference; lastKnownFileType = sourcecode.cpp.cpp; path = main.cpp; sourceTree = "<group>"; };
		EEEA6B621B4EB051000ABAD8 /* enter.cpp */ = {isa = PBXFileReference; fileEncoding = 4; lastKnownFileType = sourcecode.cpp.cpp; path = enter.cpp; sourceTree = "<group>"; };
		EEEA6B631B4EB051000ABAD8 /* enter.h */ = {isa = PBXFileReference; fileEncoding = 4; lastKnownFileType = sourcecode.c.h; path = enter.h; sourceTree = "<group>"; };
		EEEA6B651B4EBA90000ABAD8 /* performOperation.cpp */ = {isa = PBXFileReference; fileEncoding = 4; lastKnownFileType = sourcecode.cpp.cpp; path = performOperation.cpp; sourceTree = "<group>"; };
		EEEA6B661B4EBA90000ABAD8 /* performOperation.h */ = {isa = PBXFileReference; fileEncoding = 4; lastKnownFileType = sourcecode.c.h; path = performOperation.h; sourceTree = "<group>"; };
/* End PBXFileReference section */

/* Begin PBXFrameworksBuildPhase section */
		EE8211F11B41CF9400B40078 /* Frameworks */ = {
			isa = PBXFrameworksBuildPhase;
			buildActionMask = 2147483647;
			files = (
			);
			runOnlyForDeploymentPostprocessing = 0;
		};
/* End PBXFrameworksBuildPhase section */

/* Begin PBXGroup section */
		EE8211EB1B41CF9400B40078 = {
			isa = PBXGroup;
			children = (
				EE8211F61B41CF9400B40078 /* Chap2Test3 */,
				EE8211F51B41CF9400B40078 /* Products */,
			);
			sourceTree = "<group>";
		};
		EE8211F51B41CF9400B40078 /* Products */ = {
			isa = PBXGroup;
			children = (
				EE8211F41B41CF9400B40078 /* Chap2Test3 */,
			);
			name = Products;
			sourceTree = "<group>";
		};
		EE8211F61B41CF9400B40078 /* Chap2Test3 */ = {
			isa = PBXGroup;
			children = (
				EE8211F71B41CF9400B40078 /* main.cpp */,
				EEEA6B621B4EB051000ABAD8 /* enter.cpp */,
				EEEA6B651B4EBA90000ABAD8 /* performOperation.cpp */,
				EEEA6B661B4EBA90000ABAD8 /* performOperation.h */,
				EEEA6B631B4EB051000ABAD8 /* enter.h */,
			);
			path = Chap2Test3;
			sourceTree = "<group>";
		};
/* End PBXGroup section */

/* Begin PBXNativeTarget section */
		EE8211F31B41CF9400B40078 /* Chap2Test3 */ = {
			isa = PBXNativeTarget;
			buildConfigurationList = EE8211FB1B41CF9400B40078 /* Build configuration list for PBXNativeTarget "Chap2Test3" */;
			buildPhases = (
				EE8211F01B41CF9400B40078 /* Sources */,
				EE8211F11B41CF9400B40078 /* Frameworks */,
				EE8211F21B41CF9400B40078 /* CopyFiles */,
			);
			buildRules = (
			);
			dependencies = (
			);
			name = Chap2Test3;
			productName = Chap2Test3;
			productReference = EE8211F41B41CF9400B40078 /* Chap2Test3 */;
			productType = "com.apple.product-type.tool";
		};
/* End PBXNativeTarget section */

/* Begin PBXProject section */
		EE8211EC1B41CF9400B40078 /* Project object */ = {
			isa = PBXProject;
			attributes = {
				LastUpgradeCheck = 0630;
				ORGANIZATIONNAME = "Philip Lombardo";
				TargetAttributes = {
					EE8211F31B41CF9400B40078 = {
						CreatedOnToolsVersion = 6.3.2;
					};
				};
			};
			buildConfigurationList = EE8211EF1B41CF9400B40078 /* Build configuration list for PBXProject "Chap2Test3" */;
			compatibilityVersion = "Xcode 3.2";
			developmentRegion = English;
			hasScannedForEncodings = 0;
			knownRegions = (
				en,
			);
			mainGroup = EE8211EB1B41CF9400B40078;
			productRefGroup = EE8211F51B41CF9400B40078 /* Products */;
			projectDirPath = "";
			projectRoot = "";
			targets = (
				EE8211F31B41CF9400B40078 /* Chap2Test3 */,
			);
		};
/* End PBXProject section */

/* Begin PBXSourcesBuildPhase section */
		EE8211F01B41CF9400B40078 /* Sources */ = {
			isa = PBXSourcesBuildPhase;
			buildActionMask = 2147483647;
			files = (
				EEEA6B641B4EB051000ABAD8 /* enter.cpp in Sources */,
				EEEA6B671B4EBA90000ABAD8 /* performOperation.cpp in Sources */,
				EE8211F81B41CF9400B40078 /* main.cpp in Sources */,
			);
			runOnlyForDeploymentPostprocessing = 0;
		};
/* End PBXSourcesBuildPhase section */

/* Begin XCBuildConfiguration section */
		EE8211F91B41CF9400B40078 /* Debug */ = {
			isa = XCBuildConfiguration;
			buildSettings = {
				ALWAYS_SEARCH_USER_PATHS = NO;
				CLANG_CXX_LANGUAGE_STANDARD = "gnu++0x";
				CLANG_CXX_LIBRARY = "libc++";
				CLANG_ENABLE_MODULES = YES;
				CLANG_ENABLE_OBJC_ARC = YES;
				CLANG_WARN_BOOL_CONVERSION = YES;
				CLANG_WARN_CONSTANT_CONVERSION = YES;
				CLANG_WARN_DIRECT_OBJC_ISA_USAGE = YES_ERROR;
				CLANG_WARN_EMPTY_BODY = YES;
				CLANG_WARN_ENUM_CONVERSION = YES;
				CLANG_WARN_INT_CONVERSION = YES;
				CLANG_WARN_OBJC_ROOT_CLASS = YES_ERROR;
				CLANG_WARN_UNREACHABLE_CODE = YES;
				CLANG_WARN__DUPLICATE_METHOD_MATCH = YES;
				COPY_PHASE_STRIP = NO;
				DEBUG_INFORMATION_FORMAT = dwarf;
				ENABLE_STRICT_OBJC_MSGSEND = YES;
				GCC_C_LANGUAGE_STANDARD = gnu99;
				GCC_DYNAMIC_NO_PIC = NO;
				GCC_NO_COMMON_BLOCKS = YES;
				GCC_OPTIMIZATION_LEVEL = 0;
				GCC_PREPROCESSOR_DEFINITIONS = (
					"DEBUG=1",
					"$(inherited)",
				);
				GCC_SYMBOLS_PRIVATE_EXTERN = NO;
				GCC_WARN_64_TO_32_BIT_CONVERSION = YES;
				GCC_WARN_ABOUT_RETURN_TYPE = YES_ERROR;
				GCC_WARN_UNDECLARED_SELECTOR = YES;
				GCC_WARN_UNINITIALIZED_AUTOS = YES_AGGRESSIVE;
				GCC_WARN_UNUSED_FUNCTION = YES;
				GCC_WARN_UNUSED_VARIABLE = YES;
				MACOSX_DEPLOYMENT_TARGET = 10.10;
				MTL_ENABLE_DEBUG_INFO = YES;
				ONLY_ACTIVE_ARCH = YES;
				SDKROOT = macosx;
			};
			name = Debug;
		};
		EE8211FA1B41CF9400B40078 /* Release */ = {
			isa = XCBuildConfiguration;
			buildSettings = {
				ALWAYS_SEARCH_USER_PATHS = NO;
				CLANG_CXX_LANGUAGE_STANDARD = "gnu++0x";
				CLANG_CXX_LIBRARY = "libc++";
				CLANG_ENABLE_MODULES = YES;
				CLANG_ENABLE_OBJC_ARC = YES;
				CLANG_WARN_BOOL_CONVERSION = YES;
				CLANG_WARN_CONSTANT_CONVERSION = YES;
				CLANG_WARN_DIRECT_OBJC_ISA_USAGE = YES_ERROR;
				CLANG_WARN_EMPTY_BODY = YES;
				CLANG_WARN_ENUM_CONVERSION = YES;
				CLANG_WARN_INT_CONVERSION = YES;
				CLANG_WARN_OBJC_ROOT_CLASS = YES_ERROR;
				CLANG_WARN_UNREACHABLE_CODE = YES;
				CLANG_WARN__DUPLICATE_METHOD_MATCH = YES;
				COPY_PHASE_STRIP = NO;
				DEBUG_INFORMATION_FORMAT = "dwarf-with-dsym";
				ENABLE_NS_ASSERTIONS = NO;
				ENABLE_STRICT_OBJC_MSGSEND = YES;
				GCC_C_LANGUAGE_STANDARD = gnu99;
				GCC_NO_COMMON_BLOCKS = YES;
				GCC_WARN_64_TO_32_BIT_CONVERSION = YES;
				GCC_WARN_ABOUT_RETURN_TYPE = YES_ERROR;
				GCC_WARN_UNDECLARED_SELECTOR = YES;
				GCC_WARN_UNINITIALIZED_AUTOS = YES_AGGRESSIVE;
				GCC_WARN_UNUSED_FUNCTION = YES;
				GCC_WARN_UNUSED_VARIABLE = YES;
				MACOSX_DEPLOYMENT_TARGET = 10.10;
				MTL_ENABLE_DEBUG_INFO = NO;
				SDKROOT = macosx;
			};
			name = Release;
		};
		EE8211FC1B41CF9400B40078 /* Debug */ = {
			isa = XCBuildConfiguration;
			buildSettings = {
				PRODUCT_NAME = "$(TARGET_NAME)";
			};
			name = Debug;
		};
		EE8211FD1B41CF9400B40078 /* Release */ = {
			isa = XCBuildConfiguration;
			buildSettings = {
				PRODUCT_NAME = "$(TARGET_NAME)";
			};
			name = Release;
		};
/* End XCBuildConfiguration section */

/* Begin XCConfigurationList section */
		EE8211EF1B41CF9400B40078 /* Build configuration list for PBXProject "Chap2Test3" */ = {
			isa = XCConfigurationList;
			buildConfigurations = (
				EE8211F91B41CF9400B40078 /* Debug */,
				EE8211FA1B41CF9400B40078 /* Release */,
			);
			defaultConfigurationIsVisible = 0;
			defaultConfigurationName = Release;
		};
		EE8211FB1B41CF9400B40078 /* Build configuration list for PBXNativeTarget "Chap2Test3" */ = {
			isa = XCConfigurationList;
			buildConfigurations = (
				EE8211FC1B41CF9400B40078 /* Debug */,
				EE8211FD1B41CF9400B40078 /* Release */,
			);
			defaultConfigurationIsVisible = 0;
			defaultConfigurationName = Release;
		};
/* End XCConfigurationList section */
	};
	rootObject = EE8211EC1B41CF9400B40078 /* Project object */;
}
