// !$*UTF8*$!
{
	archiveVersion = 1;
	classes = {
	};
	objectVersion = 46;
	objects = {

/* Begin PBXBuildFile section */
		EEEA6B751B4EC06A000ABAD8 /* main.cpp in Sources */ = {isa = PBXBuildFile; fileRef = EEEA6B741B4EC06A000ABAD8 /* main.cpp */; };
		EEEA6B7E1B4EC4A0000ABAD8 /* heightCalc.cpp in Sources */ = {isa = PBXBuildFile; fileRef = EEEA6B7C1B4EC4A0000ABAD8 /* heightCalc.cpp */; };
/* End PBXBuildFile section */

/* Begin PBXCopyFilesBuildPhase section */
		EEEA6B6F1B4EC06A000ABAD8 /* CopyFiles */ = {
			isa = PBXCopyFilesBuildPhase;
			buildActionMask = 2147483647;
			dstPath = /usr/share/man/man1/;
			dstSubfolderSpec = 0;
			files = (
			);
			runOnlyForDeploymentPostprocessing = 1;
		};
/* End PBXCopyFilesBuildPhase section */

/* Begin PBXFileReference section */
		EEEA6B711B4EC06A000ABAD8 /* Chap2test4 */ = {isa = PBXFileReference; explicitFileType = "compiled.mach-o.executable"; includeInIndex = 0; path = Chap2test4; sourceTree = BUILT_PRODUCTS_DIR; };
		EEEA6B741B4EC06A000ABAD8 /* main.cpp */ = {isa = PBXFileReference; lastKnownFileType = sourcecode.cpp.cpp; path = main.cpp; sourceTree = "<group>"; };
		EEEA6B7B1B4EC0BA000ABAD8 /* constants.h */ = {isa = PBXFileReference; lastKnownFileType = sourcecode.c.h; path = constants.h; sourceTree = "<group>"; };
		EEEA6B7C1B4EC4A0000ABAD8 /* heightCalc.cpp */ = {isa = PBXFileReference; fileEncoding = 4; lastKnownFileType = sourcecode.cpp.cpp; path = heightCalc.cpp; sourceTree = "<group>"; };
		EEEA6B7D1B4EC4A0000ABAD8 /* heightCalc.h */ = {isa = PBXFileReference; fileEncoding = 4; lastKnownFileType = sourcecode.c.h; path = heightCalc.h; sourceTree = "<group>"; };
/* End PBXFileReference section */

/* Begin PBXFrameworksBuildPhase section */
		EEEA6B6E1B4EC06A000ABAD8 /* Frameworks */ = {
			isa = PBXFrameworksBuildPhase;
			buildActionMask = 2147483647;
			files = (
			);
			runOnlyForDeploymentPostprocessing = 0;
		};
/* End PBXFrameworksBuildPhase section */

/* Begin PBXGroup section */
		EEEA6B681B4EC06A000ABAD8 = {
			isa = PBXGroup;
			children = (
				EEEA6B731B4EC06A000ABAD8 /* Chap2test4 */,
				EEEA6B721B4EC06A000ABAD8 /* Products */,
			);
			sourceTree = "<group>";
		};
		EEEA6B721B4EC06A000ABAD8 /* Products */ = {
			isa = PBXGroup;
			children = (
				EEEA6B711B4EC06A000ABAD8 /* Chap2test4 */,
			);
			name = Products;
			sourceTree = "<group>";
		};
		EEEA6B731B4EC06A000ABAD8 /* Chap2test4 */ = {
			isa = PBXGroup;
			children = (
				EEEA6B741B4EC06A000ABAD8 /* main.cpp */,
				EEEA6B7C1B4EC4A0000ABAD8 /* heightCalc.cpp */,
				EEEA6B7D1B4EC4A0000ABAD8 /* heightCalc.h */,
				EEEA6B7B1B4EC0BA000ABAD8 /* constants.h */,
			);
			path = Chap2test4;
			sourceTree = "<group>";
		};
/* End PBXGroup section */

/* Begin PBXNativeTarget section */
		EEEA6B701B4EC06A000ABAD8 /* Chap2test4 */ = {
			isa = PBXNativeTarget;
			buildConfigurationList = EEEA6B781B4EC06A000ABAD8 /* Build configuration list for PBXNativeTarget "Chap2test4" */;
			buildPhases = (
				EEEA6B6D1B4EC06A000ABAD8 /* Sources */,
				EEEA6B6E1B4EC06A000ABAD8 /* Frameworks */,
				EEEA6B6F1B4EC06A000ABAD8 /* CopyFiles */,
			);
			buildRules = (
			);
			dependencies = (
			);
			name = Chap2test4;
			productName = Chap2test4;
			productReference = EEEA6B711B4EC06A000ABAD8 /* Chap2test4 */;
			productType = "com.apple.product-type.tool";
		};
/* End PBXNativeTarget section */

/* Begin PBXProject section */
		EEEA6B691B4EC06A000ABAD8 /* Project object */ = {
			isa = PBXProject;
			attributes = {
				LastUpgradeCheck = 0640;
				ORGANIZATIONNAME = "Philip Lombardo";
				TargetAttributes = {
					EEEA6B701B4EC06A000ABAD8 = {
						CreatedOnToolsVersion = 6.4;
					};
				};
			};
			buildConfigurationList = EEEA6B6C1B4EC06A000ABAD8 /* Build configuration list for PBXProject "Chap2test4" */;
			compatibilityVersion = "Xcode 3.2";
			developmentRegion = English;
			hasScannedForEncodings = 0;
			knownRegions = (
				en,
			);
			mainGroup = EEEA6B681B4EC06A000ABAD8;
			productRefGroup = EEEA6B721B4EC06A000ABAD8 /* Products */;
			projectDirPath = "";
			projectRoot = "";
			targets = (
				EEEA6B701B4EC06A000ABAD8 /* Chap2test4 */,
			);
		};
/* End PBXProject section */

/* Begin PBXSourcesBuildPhase section */
		EEEA6B6D1B4EC06A000ABAD8 /* Sources */ = {
			isa = PBXSourcesBuildPhase;
			buildActionMask = 2147483647;
			files = (
				EEEA6B751B4EC06A000ABAD8 /* main.cpp in Sources */,
				EEEA6B7E1B4EC4A0000ABAD8 /* heightCalc.cpp in Sources */,
			);
			runOnlyForDeploymentPostprocessing = 0;
		};
/* End PBXSourcesBuildPhase section */

/* Begin XCBuildConfiguration section */
		EEEA6B761B4EC06A000ABAD8 /* Debug */ = {
			isa = XCBuildConfiguration;
			buildSettings = {
				ALWAYS_SEARCH_USER_PATHS = NO;
				CLANG_CXX_LANGUAGE_STANDARD = "gnu++0x";
				CLANG_CXX_LIBRARY = "libc++";
				CLANG_ENABLE_MODULES = YES;
				CLANG_ENABLE_OBJC_ARC = YES;
				CLANG_WARN_BOOL_CONVERSION = YES;
				CLANG_WARN_CONSTANT_CONVERSION = YES;
				CLANG_WARN_DIRECT_OBJC_ISA_USAGE = YES_ERROR;
				CLANG_WARN_EMPTY_BODY = YES;
				CLANG_WARN_ENUM_CONVERSION = YES;
				CLANG_WARN_INT_CONVERSION = YES;
				CLANG_WARN_OBJC_ROOT_CLASS = YES_ERROR;
				CLANG_WARN_UNREACHABLE_CODE = YES;
				CLANG_WARN__DUPLICATE_METHOD_MATCH = YES;
				COPY_PHASE_STRIP = NO;
				DEBUG_INFORMATION_FORMAT = dwarf;
				ENABLE_STRICT_OBJC_MSGSEND = YES;
				GCC_C_LANGUAGE_STANDARD = gnu99;
				GCC_DYNAMIC_NO_PIC = NO;
				GCC_NO_COMMON_BLOCKS = YES;
				GCC_OPTIMIZATION_LEVEL = 0;
				GCC_PREPROCESSOR_DEFINITIONS = (
					"DEBUG=1",
					"$(inherited)",
				);
				GCC_SYMBOLS_PRIVATE_EXTERN = NO;
				GCC_WARN_64_TO_32_BIT_CONVERSION = YES;
				GCC_WARN_ABOUT_RETURN_TYPE = YES_ERROR;
				GCC_WARN_UNDECLARED_SELECTOR = YES;
				GCC_WARN_UNINITIALIZED_AUTOS = YES_AGGRESSIVE;
				GCC_WARN_UNUSED_FUNCTION = YES;
				GCC_WARN_UNUSED_VARIABLE = YES;
				MACOSX_DEPLOYMENT_TARGET = 10.10;
				MTL_ENABLE_DEBUG_INFO = YES;
				ONLY_ACTIVE_ARCH = YES;
				SDKROOT = macosx;
			};
			name = Debug;
		};
		EEEA6B771B4EC06A000ABAD8 /* Release */ = {
			isa = XCBuildConfiguration;
			buildSettings = {
				ALWAYS_SEARCH_USER_PATHS = NO;
				CLANG_CXX_LANGUAGE_STANDARD = "gnu++0x";
				CLANG_CXX_LIBRARY = "libc++";
				CLANG_ENABLE_MODULES = YES;
				CLANG_ENABLE_OBJC_ARC = YES;
				CLANG_WARN_BOOL_CONVERSION = YES;
				CLANG_WARN_CONSTANT_CONVERSION = YES;
				CLANG_WARN_DIRECT_OBJC_ISA_USAGE = YES_ERROR;
				CLANG_WARN_EMPTY_BODY = YES;
				CLANG_WARN_ENUM_CONVERSION = YES;
				CLANG_WARN_INT_CONVERSION = YES;
				CLANG_WARN_OBJC_ROOT_CLASS = YES_ERROR;
				CLANG_WARN_UNREACHABLE_CODE = YES;
				CLANG_WARN__DUPLICATE_METHOD_MATCH = YES;
				COPY_PHASE_STRIP = NO;
				DEBUG_INFORMATION_FORMAT = "dwarf-with-dsym";
				ENABLE_NS_ASSERTIONS = NO;
				ENABLE_STRICT_OBJC_MSGSEND = YES;
				GCC_C_LANGUAGE_STANDARD = gnu99;
				GCC_NO_COMMON_BLOCKS = YES;
				GCC_WARN_64_TO_32_BIT_CONVERSION = YES;
				GCC_WARN_ABOUT_RETURN_TYPE = YES_ERROR;
				GCC_WARN_UNDECLARED_SELECTOR = YES;
				GCC_WARN_UNINITIALIZED_AUTOS = YES_AGGRESSIVE;
				GCC_WARN_UNUSED_FUNCTION = YES;
				GCC_WARN_UNUSED_VARIABLE = YES;
				MACOSX_DEPLOYMENT_TARGET = 10.10;
				MTL_ENABLE_DEBUG_INFO = NO;
				SDKROOT = macosx;
			};
			name = Release;
		};
		EEEA6B791B4EC06A000ABAD8 /* Debug */ = {
			isa = XCBuildConfiguration;
			buildSettings = {
				PRODUCT_NAME = "$(TARGET_NAME)";
			};
			name = Debug;
		};
		EEEA6B7A1B4EC06A000ABAD8 /* Release */ = {
			isa = XCBuildConfiguration;
			buildSettings = {
				PRODUCT_NAME = "$(TARGET_NAME)";
			};
			name = Release;
		};
/* End XCBuildConfiguration section */

/* Begin XCConfigurationList section */
		EEEA6B6C1B4EC06A000ABAD8 /* Build configuration list for PBXProject "Chap2test4" */ = {
			isa = XCConfigurationList;
			buildConfigurations = (
				EEEA6B761B4EC06A000ABAD8 /* Debug */,
				EEEA6B771B4EC06A000ABAD8 /* Release */,
			);
			defaultConfigurationIsVisible = 0;
			defaultConfigurationName = Release;
		};
		EEEA6B781B4EC06A000ABAD8 /* Build configuration list for PBXNativeTarget "Chap2test4" */ = {
			isa = XCConfigurationList;
			buildConfigurations = (
				EEEA6B791B4EC06A000ABAD8 /* Debug */,
				EEEA6B7A1B4EC06A000ABAD8 /* Release */,
			);
			defaultConfigurationIsVisible = 0;
		};
/* End XCConfigurationList section */
	};
	rootObject = EEEA6B691B4EC06A000ABAD8 /* Project object */;
}
