// !$*UTF8*$!
{
	archiveVersion = 1;
	classes = {
	};
	objectVersion = 46;
	objects = {

/* Begin PBXBuildFile section */
		EEE3ED6E1B18BED10060A874 /* main.cpp in Sources */ = {isa = PBXBuildFile; fileRef = EEE3ED6D1B18BED10060A874 /* main.cpp */; };
		EEE3ED761B18BF360060A874 /* find_prime.cpp in Sources */ = {isa = PBXBuildFile; fileRef = EEE3ED741B18BF360060A874 /* find_prime.cpp */; };
/* End PBXBuildFile section */

/* Begin PBXCopyFilesBuildPhase section */
		EEE3ED681B18BED10060A874 /* CopyFiles */ = {
			isa = PBXCopyFilesBuildPhase;
			buildActionMask = 2147483647;
			dstPath = /usr/share/man/man1/;
			dstSubfolderSpec = 0;
			files = (
			);
			runOnlyForDeploymentPostprocessing = 1;
		};
/* End PBXCopyFilesBuildPhase section */

/* Begin PBXFileReference section */
		EEE3ED6A1B18BED10060A874 /* SingleDigitPrimeTester */ = {isa = PBXFileReference; explicitFileType = "compiled.mach-o.executable"; includeInIndex = 0; path = SingleDigitPrimeTester; sourceTree = BUILT_PRODUCTS_DIR; };
		EEE3ED6D1B18BED10060A874 /* main.cpp */ = {isa = PBXFileReference; lastKnownFileType = sourcecode.cpp.cpp; path = main.cpp; sourceTree = "<group>"; };
		EEE3ED741B18BF360060A874 /* find_prime.cpp */ = {isa = PBXFileReference; fileEncoding = 4; lastKnownFileType = sourcecode.cpp.cpp; path = find_prime.cpp; sourceTree = "<group>"; };
		EEE3ED751B18BF360060A874 /* find_prime.h */ = {isa = PBXFileReference; fileEncoding = 4; lastKnownFileType = sourcecode.c.h; path = find_prime.h; sourceTree = "<group>"; };
/* End PBXFileReference section */

/* Begin PBXFrameworksBuildPhase section */
		EEE3ED671B18BED10060A874 /* Frameworks */ = {
			isa = PBXFrameworksBuildPhase;
			buildActionMask = 2147483647;
			files = (
			);
			runOnlyForDeploymentPostprocessing = 0;
		};
/* End PBXFrameworksBuildPhase section */

/* Begin PBXGroup section */
		EEE3ED611B18BED10060A874 = {
			isa = PBXGroup;
			children = (
				EEE3ED6C1B18BED10060A874 /* SingleDigitPrimeTester */,
				EEE3ED6B1B18BED10060A874 /* Products */,
			);
			sourceTree = "<group>";
		};
		EEE3ED6B1B18BED10060A874 /* Products */ = {
			isa = PBXGroup;
			children = (
				EEE3ED6A1B18BED10060A874 /* SingleDigitPrimeTester */,
			);
			name = Products;
			sourceTree = "<group>";
		};
		EEE3ED6C1B18BED10060A874 /* SingleDigitPrimeTester */ = {
			isa = PBXGroup;
			children = (
				EEE3ED6D1B18BED10060A874 /* main.cpp */,
				EEE3ED741B18BF360060A874 /* find_prime.cpp */,
				EEE3ED751B18BF360060A874 /* find_prime.h */,
			);
			path = SingleDigitPrimeTester;
			sourceTree = "<group>";
		};
/* End PBXGroup section */

/* Begin PBXNativeTarget section */
		EEE3ED691B18BED10060A874 /* SingleDigitPrimeTester */ = {
			isa = PBXNativeTarget;
			buildConfigurationList = EEE3ED711B18BED10060A874 /* Build configuration list for PBXNativeTarget "SingleDigitPrimeTester" */;
			buildPhases = (
				EEE3ED661B18BED10060A874 /* Sources */,
				EEE3ED671B18BED10060A874 /* Frameworks */,
				EEE3ED681B18BED10060A874 /* CopyFiles */,
			);
			buildRules = (
			);
			dependencies = (
			);
			name = SingleDigitPrimeTester;
			productName = SingleDigitPrimeTester;
			productReference = EEE3ED6A1B18BED10060A874 /* SingleDigitPrimeTester */;
			productType = "com.apple.product-type.tool";
		};
/* End PBXNativeTarget section */

/* Begin PBXProject section */
		EEE3ED621B18BED10060A874 /* Project object */ = {
			isa = PBXProject;
			attributes = {
				LastUpgradeCheck = 0630;
				ORGANIZATIONNAME = "Philip Lombardo";
				TargetAttributes = {
					EEE3ED691B18BED10060A874 = {
						CreatedOnToolsVersion = 6.3.2;
					};
				};
			};
			buildConfigurationList = EEE3ED651B18BED10060A874 /* Build configuration list for PBXProject "SingleDigitPrimeTester" */;
			compatibilityVersion = "Xcode 3.2";
			developmentRegion = English;
			hasScannedForEncodings = 0;
			knownRegions = (
				en,
			);
			mainGroup = EEE3ED611B18BED10060A874;
			productRefGroup = EEE3ED6B1B18BED10060A874 /* Products */;
			projectDirPath = "";
			projectRoot = "";
			targets = (
				EEE3ED691B18BED10060A874 /* SingleDigitPrimeTester */,
			);
		};
/* End PBXProject section */

/* Begin PBXSourcesBuildPhase section */
		EEE3ED661B18BED10060A874 /* Sources */ = {
			isa = PBXSourcesBuildPhase;
			buildActionMask = 2147483647;
			files = (
				EEE3ED761B18BF360060A874 /* find_prime.cpp in Sources */,
				EEE3ED6E1B18BED10060A874 /* main.cpp in Sources */,
			);
			runOnlyForDeploymentPostprocessing = 0;
		};
/* End PBXSourcesBuildPhase section */

/* Begin XCBuildConfiguration section */
		EEE3ED6F1B18BED10060A874 /* Debug */ = {
			isa = XCBuildConfiguration;
			buildSettings = {
				ALWAYS_SEARCH_USER_PATHS = NO;
				CLANG_CXX_LANGUAGE_STANDARD = "gnu++0x";
				CLANG_CXX_LIBRARY = "libc++";
				CLANG_ENABLE_MODULES = YES;
				CLANG_ENABLE_OBJC_ARC = YES;
				CLANG_WARN_BOOL_CONVERSION = YES;
				CLANG_WARN_CONSTANT_CONVERSION = YES;
				CLANG_WARN_DIRECT_OBJC_ISA_USAGE = YES_ERROR;
				CLANG_WARN_EMPTY_BODY = YES;
				CLANG_WARN_ENUM_CONVERSION = YES;
				CLANG_WARN_INT_CONVERSION = YES;
				CLANG_WARN_OBJC_ROOT_CLASS = YES_ERROR;
				CLANG_WARN_UNREACHABLE_CODE = YES;
				CLANG_WARN__DUPLICATE_METHOD_MATCH = YES;
				COPY_PHASE_STRIP = NO;
				DEBUG_INFORMATION_FORMAT = dwarf;
				ENABLE_STRICT_OBJC_MSGSEND = YES;
				GCC_C_LANGUAGE_STANDARD = gnu99;
				GCC_DYNAMIC_NO_PIC = NO;
				GCC_NO_COMMON_BLOCKS = YES;
				GCC_OPTIMIZATION_LEVEL = 0;
				GCC_PREPROCESSOR_DEFINITIONS = (
					"DEBUG=1",
					"$(inherited)",
				);
				GCC_SYMBOLS_PRIVATE_EXTERN = NO;
				GCC_WARN_64_TO_32_BIT_CONVERSION = YES;
				GCC_WARN_ABOUT_RETURN_TYPE = YES_ERROR;
				GCC_WARN_UNDECLARED_SELECTOR = YES;
				GCC_WARN_UNINITIALIZED_AUTOS = YES_AGGRESSIVE;
				GCC_WARN_UNUSED_FUNCTION = YES;
				GCC_WARN_UNUSED_VARIABLE = YES;
				MACOSX_DEPLOYMENT_TARGET = 10.10;
				MTL_ENABLE_DEBUG_INFO = YES;
				ONLY_ACTIVE_ARCH = YES;
				SDKROOT = macosx;
			};
			name = Debug;
		};
		EEE3ED701B18BED10060A874 /* Release */ = {
			isa = XCBuildConfiguration;
			buildSettings = {
				ALWAYS_SEARCH_USER_PATHS = NO;
				CLANG_CXX_LANGUAGE_STANDARD = "gnu++0x";
				CLANG_CXX_LIBRARY = "libc++";
				CLANG_ENABLE_MODULES = YES;
				CLANG_ENABLE_OBJC_ARC = YES;
				CLANG_WARN_BOOL_CONVERSION = YES;
				CLANG_WARN_CONSTANT_CONVERSION = YES;
				CLANG_WARN_DIRECT_OBJC_ISA_USAGE = YES_ERROR;
				CLANG_WARN_EMPTY_BODY = YES;
				CLANG_WARN_ENUM_CONVERSION = YES;
				CLANG_WARN_INT_CONVERSION = YES;
				CLANG_WARN_OBJC_ROOT_CLASS = YES_ERROR;
				CLANG_WARN_UNREACHABLE_CODE = YES;
				CLANG_WARN__DUPLICATE_METHOD_MATCH = YES;
				COPY_PHASE_STRIP = NO;
				DEBUG_INFORMATION_FORMAT = "dwarf-with-dsym";
				ENABLE_NS_ASSERTIONS = NO;
				ENABLE_STRICT_OBJC_MSGSEND = YES;
				GCC_C_LANGUAGE_STANDARD = gnu99;
				GCC_NO_COMMON_BLOCKS = YES;
				GCC_WARN_64_TO_32_BIT_CONVERSION = YES;
				GCC_WARN_ABOUT_RETURN_TYPE = YES_ERROR;
				GCC_WARN_UNDECLARED_SELECTOR = YES;
				GCC_WARN_UNINITIALIZED_AUTOS = YES_AGGRESSIVE;
				GCC_WARN_UNUSED_FUNCTION = YES;
				GCC_WARN_UNUSED_VARIABLE = YES;
				MACOSX_DEPLOYMENT_TARGET = 10.10;
				MTL_ENABLE_DEBUG_INFO = NO;
				SDKROOT = macosx;
			};
			name = Release;
		};
		EEE3ED721B18BED10060A874 /* Debug */ = {
			isa = XCBuildConfiguration;
			buildSettings = {
				PRODUCT_NAME = "$(TARGET_NAME)";
			};
			name = Debug;
		};
		EEE3ED731B18BED10060A874 /* Release */ = {
			isa = XCBuildConfiguration;
			buildSettings = {
				PRODUCT_NAME = "$(TARGET_NAME)";
			};
			name = Release;
		};
/* End XCBuildConfiguration section */

/* Begin XCConfigurationList section */
		EEE3ED651B18BED10060A874 /* Build configuration list for PBXProject "SingleDigitPrimeTester" */ = {
			isa = XCConfigurationList;
			buildConfigurations = (
				EEE3ED6F1B18BED10060A874 /* Debug */,
				EEE3ED701B18BED10060A874 /* Release */,
			);
			defaultConfigurationIsVisible = 0;
			defaultConfigurationName = Release;
		};
		EEE3ED711B18BED10060A874 /* Build configuration list for PBXNativeTarget "SingleDigitPrimeTester" */ = {
			isa = XCConfigurationList;
			buildConfigurations = (
				EEE3ED721B18BED10060A874 /* Debug */,
				EEE3ED731B18BED10060A874 /* Release */,
			);
			defaultConfigurationIsVisible = 0;
		};
/* End XCConfigurationList section */
	};
	rootObject = EEE3ED621B18BED10060A874 /* Project object */;
}
